
Microsoft Visual Studio Solution File, Format Version 12.00
# Visual Studio Version 17
VisualStudioVersion = 17.9.34714.143
MinimumVisualStudioVersion = 10.0.40219.1
Project("{9A19103F-16F7-4668-BE54-9A1E7A4F7556}") = "DateRegEx", "DateRegEx\DateRegEx.csproj", "{A3842CD1-70F9-4C65-8F42-5333DCD9F133}"
EndProject
Project("{9A19103F-16F7-4668-BE54-9A1E7A4F7556}") = "ArryaProbForMSTest", "ArryaProbForMSTest\ArryaProbForMSTest.csproj", "{D345349A-E9A9-4E2B-9A36-03E1BC8288A2}"
EndProject
Project("{9A19103F-16F7-4668-BE54-9A1E7A4F7556}") = "ArrSumTest", "ArrSumText\ArrSumTest.csproj", "{BB5A6399-07DA-400F-8F42-08DB3A46C24C}"
EndProject
Project("{FAE04EC0-301F-11D3-BF4B-00C04F79EFBC}") = "FileIO", "FileIO\FileIO.csproj", "{8471141F-39E4-4D27-8C25-42C034F23754}"
EndProject
Global
	GlobalSection(SolutionConfigurationPlatforms) = preSolution
		Debug|Any CPU = Debug|Any CPU
		Release|Any CPU = Release|Any CPU
	EndGlobalSection
	GlobalSection(ProjectConfigurationPlatforms) = postSolution
		{A3842CD1-70F9-4C65-8F42-5333DCD9F133}.Debug|Any CPU.ActiveCfg = Debug|Any CPU
		{A3842CD1-70F9-4C65-8F42-5333DCD9F133}.Debug|Any CPU.Build.0 = Debug|Any CPU
		{A3842CD1-70F9-4C65-8F42-5333DCD9F133}.Release|Any CPU.ActiveCfg = Release|Any CPU
		{A3842CD1-70F9-4C65-8F42-5333DCD9F133}.Release|Any CPU.Build.0 = Release|Any CPU
		{D345349A-E9A9-4E2B-9A36-03E1BC8288A2}.Debug|Any CPU.ActiveCfg = Debug|Any CPU
		{D345349A-E9A9-4E2B-9A36-03E1BC8288A2}.Debug|Any CPU.Build.0 = Debug|Any CPU
		{D345349A-E9A9-4E2B-9A36-03E1BC8288A2}.Release|Any CPU.ActiveCfg = Release|Any CPU
		{D345349A-E9A9-4E2B-9A36-03E1BC8288A2}.Release|Any CPU.Build.0 = Release|Any CPU
		{BB5A6399-07DA-400F-8F42-08DB3A46C24C}.Debug|Any CPU.ActiveCfg = Debug|Any CPU
		{BB5A6399-07DA-400F-8F42-08DB3A46C24C}.Debug|Any CPU.Build.0 = Debug|Any CPU
		{BB5A6399-07DA-400F-8F42-08DB3A46C24C}.Release|Any CPU.ActiveCfg = Release|Any CPU
		{BB5A6399-07DA-400F-8F42-08DB3A46C24C}.Release|Any CPU.Build.0 = Release|Any CPU
		{8471141F-39E4-4D27-8C25-42C034F23754}.Debug|Any CPU.ActiveCfg = Debug|Any CPU
		{8471141F-39E4-4D27-8C25-42C034F23754}.Debug|Any CPU.Build.0 = Debug|Any CPU
		{8471141F-39E4-4D27-8C25-42C034F23754}.Release|Any CPU.ActiveCfg = Release|Any CPU
		{8471141F-39E4-4D27-8C25-42C034F23754}.Release|Any CPU.Build.0 = Release|Any CPU
	EndGlobalSection
	GlobalSection(SolutionProperties) = preSolution
		HideSolutionNode = FALSE
	EndGlobalSection
	GlobalSection(ExtensibilityGlobals) = postSolution
		SolutionGuid = {D1E748CA-44DC-44BF-84C7-3C9147913986}
	EndGlobalSection
EndGlobal
